
Microsoft Visual Studio Solution File, Format Version 12.00
# Visual Studio Version 17
VisualStudioVersion = 17.5.33627.172
MinimumVisualStudioVersion = 10.0.40219.1
Project("{9A19103F-16F7-4668-BE54-9A1E7A4F7556}") = "AbstractFactory", "Creational\AbstractFactory\AbstractFactory.csproj", "{15757026-A43F-4EB4-992A-32E8121B17DB}"
EndProject
Project("{9A19103F-16F7-4668-BE54-9A1E7A4F7556}") = "Factory", "Creational\Factory\Factory.csproj", "{308AEAD9-9DDE-4BF4-8263-CF14DF097C90}"
EndProject
Project("{9A19103F-16F7-4668-BE54-9A1E7A4F7556}") = "Singleton", "Creational\Singleton\Singleton.csproj", "{5C784463-D031-436A-BE63-13EB3E88E175}"
EndProject
Project("{9A19103F-16F7-4668-BE54-9A1E7A4F7556}") = "SingletonThreadSafe", "Creational\SingletonThreadSafe\SingletonThreadSafe.csproj", "{91B656F2-C361-4FDB-8C75-BB6C7D5C01FE}"
EndProject
Project("{9A19103F-16F7-4668-BE54-9A1E7A4F7556}") = "Adapter", "Structural\Adapter\Adapter.csproj", "{5FEFB352-D6B9-4CDE-80F7-98290C2DE32F}"
EndProject
Global
	GlobalSection(SolutionConfigurationPlatforms) = preSolution
		Debug|Any CPU = Debug|Any CPU
		Release|Any CPU = Release|Any CPU
	EndGlobalSection
	GlobalSection(ProjectConfigurationPlatforms) = postSolution
		{15757026-A43F-4EB4-992A-32E8121B17DB}.Debug|Any CPU.ActiveCfg = Debug|Any CPU
		{15757026-A43F-4EB4-992A-32E8121B17DB}.Debug|Any CPU.Build.0 = Debug|Any CPU
		{15757026-A43F-4EB4-992A-32E8121B17DB}.Release|Any CPU.ActiveCfg = Release|Any CPU
		{15757026-A43F-4EB4-992A-32E8121B17DB}.Release|Any CPU.Build.0 = Release|Any CPU
		{308AEAD9-9DDE-4BF4-8263-CF14DF097C90}.Debug|Any CPU.ActiveCfg = Debug|Any CPU
		{308AEAD9-9DDE-4BF4-8263-CF14DF097C90}.Debug|Any CPU.Build.0 = Debug|Any CPU
		{308AEAD9-9DDE-4BF4-8263-CF14DF097C90}.Release|Any CPU.ActiveCfg = Release|Any CPU
		{308AEAD9-9DDE-4BF4-8263-CF14DF097C90}.Release|Any CPU.Build.0 = Release|Any CPU
		{5C784463-D031-436A-BE63-13EB3E88E175}.Debug|Any CPU.ActiveCfg = Debug|Any CPU
		{5C784463-D031-436A-BE63-13EB3E88E175}.Debug|Any CPU.Build.0 = Debug|Any CPU
		{5C784463-D031-436A-BE63-13EB3E88E175}.Release|Any CPU.ActiveCfg = Release|Any CPU
		{5C784463-D031-436A-BE63-13EB3E88E175}.Release|Any CPU.Build.0 = Release|Any CPU
		{91B656F2-C361-4FDB-8C75-BB6C7D5C01FE}.Debug|Any CPU.ActiveCfg = Debug|Any CPU
		{91B656F2-C361-4FDB-8C75-BB6C7D5C01FE}.Debug|Any CPU.Build.0 = Debug|Any CPU
		{91B656F2-C361-4FDB-8C75-BB6C7D5C01FE}.Release|Any CPU.ActiveCfg = Release|Any CPU
		{91B656F2-C361-4FDB-8C75-BB6C7D5C01FE}.Release|Any CPU.Build.0 = Release|Any CPU
		{5FEFB352-D6B9-4CDE-80F7-98290C2DE32F}.Debug|Any CPU.ActiveCfg = Debug|Any CPU
		{5FEFB352-D6B9-4CDE-80F7-98290C2DE32F}.Debug|Any CPU.Build.0 = Debug|Any CPU
		{5FEFB352-D6B9-4CDE-80F7-98290C2DE32F}.Release|Any CPU.ActiveCfg = Release|Any CPU
		{5FEFB352-D6B9-4CDE-80F7-98290C2DE32F}.Release|Any CPU.Build.0 = Release|Any CPU
	EndGlobalSection
	GlobalSection(SolutionProperties) = preSolution
		HideSolutionNode = FALSE
	EndGlobalSection
	GlobalSection(ExtensibilityGlobals) = postSolution
		SolutionGuid = {FE5D27DA-2A45-482F-88B6-568A4DD3EB16}
	EndGlobalSection
EndGlobal
